<?xml version="1.0" encoding="utf-8"?>
<Project ToolsVersion="4.0" xmlns="http://schemas.microsoft.com/developer/msbuild/2003">
  <ItemGroup>
    <Filter Include="Min">
      <UniqueIdentifier>{6908880B-D511-887C-5E8D-9E7CCA95937C}</UniqueIdentifier>
    </Filter>
  </ItemGroup>
  <ItemGroup>
    <ClInclude Include="src\Min\Application.h">
      <Filter>Min</Filter>
    </ClInclude>
    <ClInclude Include="src\Min\Core.h">
      <Filter>Min</Filter>
    </ClInclude>
    <ClInclude Include="src\Min\EntryPoint.h">
      <Filter>Min</Filter>
    </ClInclude>
    <ClInclude Include="src\Min\Log.h">
      <Filter>Min</Filter>
    </ClInclude>
    <ClInclude Include="src\Min_Engine.h" />
    <ClInclude Include="src\Min\Event\Event.h" />
    <ClInclude Include="src\pch.h" />
    <ClInclude Include="src\Min\Event\KeyBoardEvent.h" />
    <ClInclude Include="src\Min\Event\MouseEvent.h" />
    <ClInclude Include="src\Min\Event\ApplicationEvent.h" />
  </ItemGroup>
  <ItemGroup>
    <ClCompile Include="src\Min\Application.cpp">
      <Filter>Min</Filter>
    </ClCompile>
    <ClCompile Include="src\Min\Log.cpp">
      <Filter>Min</Filter>
    </ClCompile>
  </ItemGroup>
</Project>